
Microsoft Visual Studio Solution File, Format Version 12.00
# Visual Studio Version 16
VisualStudioVersion = 16.0.31129.286
MinimumVisualStudioVersion = 10.0.40219.1
Project("{FAE04EC0-301F-11D3-BF4B-00C04F79EFBC}") = "Singleton_Example", "Singleton_Example\Singleton_Example.csproj", "{444DAFB9-25DE-4408-A6AF-94C88C884205}"
EndProject
Global
	GlobalSection(SolutionConfigurationPlatforms) = preSolution
		Debug|Any CPU = Debug|Any CPU
		Release|Any CPU = Release|Any CPU
	EndGlobalSection
	GlobalSection(ProjectConfigurationPlatforms) = postSolution
		{444DAFB9-25DE-4408-A6AF-94C88C884205}.Debug|Any CPU.ActiveCfg = Debug|Any CPU
		{444DAFB9-25DE-4408-A6AF-94C88C884205}.Debug|Any CPU.Build.0 = Debug|Any CPU
		{444DAFB9-25DE-4408-A6AF-94C88C884205}.Release|Any CPU.ActiveCfg = Release|Any CPU
		{444DAFB9-25DE-4408-A6AF-94C88C884205}.Release|Any CPU.Build.0 = Release|Any CPU
	EndGlobalSection
	GlobalSection(SolutionProperties) = preSolution
		HideSolutionNode = FALSE
	EndGlobalSection
	GlobalSection(ExtensibilityGlobals) = postSolution
		SolutionGuid = {CD329D3C-8828-4FF6-8F99-C3D8E822760D}
	EndGlobalSection
EndGlobal
