
Microsoft Visual Studio Solution File, Format Version 12.00
# Visual Studio Version 16
VisualStudioVersion = 16.0.31129.286
MinimumVisualStudioVersion = 10.0.40219.1
Project("{FAE04EC0-301F-11D3-BF4B-00C04F79EFBC}") = "Factory_Example", "Factory_Example\Factory_Example.csproj", "{9F080507-669F-445D-8420-B8F5985A0257}"
EndProject
Global
	GlobalSection(SolutionConfigurationPlatforms) = preSolution
		Debug|Any CPU = Debug|Any CPU
		Release|Any CPU = Release|Any CPU
	EndGlobalSection
	GlobalSection(ProjectConfigurationPlatforms) = postSolution
		{9F080507-669F-445D-8420-B8F5985A0257}.Debug|Any CPU.ActiveCfg = Debug|Any CPU
		{9F080507-669F-445D-8420-B8F5985A0257}.Debug|Any CPU.Build.0 = Debug|Any CPU
		{9F080507-669F-445D-8420-B8F5985A0257}.Release|Any CPU.ActiveCfg = Release|Any CPU
		{9F080507-669F-445D-8420-B8F5985A0257}.Release|Any CPU.Build.0 = Release|Any CPU
	EndGlobalSection
	GlobalSection(SolutionProperties) = preSolution
		HideSolutionNode = FALSE
	EndGlobalSection
	GlobalSection(ExtensibilityGlobals) = postSolution
		SolutionGuid = {8AF25409-1952-459A-9A28-EE582982DB35}
	EndGlobalSection
EndGlobal
