
Microsoft Visual Studio Solution File, Format Version 12.00
# Visual Studio Version 16
VisualStudioVersion = 16.0.31129.286
MinimumVisualStudioVersion = 10.0.40219.1
Project("{FAE04EC0-301F-11D3-BF4B-00C04F79EFBC}") = "JWT_Example", "JWT_Example\JWT_Example.csproj", "{E4EB246D-8AE2-4232-8E91-7E591DC62DD7}"
EndProject
Global
	GlobalSection(SolutionConfigurationPlatforms) = preSolution
		Debug|Any CPU = Debug|Any CPU
		Release|Any CPU = Release|Any CPU
	EndGlobalSection
	GlobalSection(ProjectConfigurationPlatforms) = postSolution
		{E4EB246D-8AE2-4232-8E91-7E591DC62DD7}.Debug|Any CPU.ActiveCfg = Debug|Any CPU
		{E4EB246D-8AE2-4232-8E91-7E591DC62DD7}.Debug|Any CPU.Build.0 = Debug|Any CPU
		{E4EB246D-8AE2-4232-8E91-7E591DC62DD7}.Release|Any CPU.ActiveCfg = Release|Any CPU
		{E4EB246D-8AE2-4232-8E91-7E591DC62DD7}.Release|Any CPU.Build.0 = Release|Any CPU
	EndGlobalSection
	GlobalSection(SolutionProperties) = preSolution
		HideSolutionNode = FALSE
	EndGlobalSection
	GlobalSection(ExtensibilityGlobals) = postSolution
		SolutionGuid = {3B25DE96-A931-4BE3-A919-1B8DD599E8C1}
	EndGlobalSection
EndGlobal
